
Microsoft Visual Studio Solution File, Format Version 12.00
# Visual Studio 15
VisualStudioVersion = 15.0.27004.2005
MinimumVisualStudioVersion = 10.0.40219.1
Project("{8BC9CEB8-8B4A-11D0-8D11-00A0C91BC942}") = "dxgame", "dxgame\dxgame.vcxproj", "{979B144E-4E8A-477C-A59F-DAA4B23C6F3D}"
EndProject
Project("{8BC9CEB8-8B4A-11D0-8D11-00A0C91BC942}") = "Test", "Test\Test.vcxproj", "{285D6208-6D47-4C40-A107-6FDD0F78F209}"
EndProject
Project("{8BC9CEB8-8B4A-11D0-8D11-00A0C91BC942}") = "fbxprac", "..\fbxprac\fbxprac\fbxprac.vcxproj", "{BDA5F1A9-A90A-422D-B8E9-95D497CE81F8}"
EndProject
Global
	GlobalSection(SolutionConfigurationPlatforms) = preSolution
		Debug|x64 = Debug|x64
		Debug|x86 = Debug|x86
		Release|x64 = Release|x64
		Release|x86 = Release|x86
	EndGlobalSection
	GlobalSection(ProjectConfigurationPlatforms) = postSolution
		{979B144E-4E8A-477C-A59F-DAA4B23C6F3D}.Debug|x64.ActiveCfg = Debug|x64
		{979B144E-4E8A-477C-A59F-DAA4B23C6F3D}.Debug|x64.Build.0 = Debug|x64
		{979B144E-4E8A-477C-A59F-DAA4B23C6F3D}.Debug|x86.ActiveCfg = Debug|Win32
		{979B144E-4E8A-477C-A59F-DAA4B23C6F3D}.Debug|x86.Build.0 = Debug|Win32
		{979B144E-4E8A-477C-A59F-DAA4B23C6F3D}.Release|x64.ActiveCfg = Release|x64
		{979B144E-4E8A-477C-A59F-DAA4B23C6F3D}.Release|x64.Build.0 = Release|x64
		{979B144E-4E8A-477C-A59F-DAA4B23C6F3D}.Release|x86.ActiveCfg = Release|Win32
		{979B144E-4E8A-477C-A59F-DAA4B23C6F3D}.Release|x86.Build.0 = Release|Win32
		{285D6208-6D47-4C40-A107-6FDD0F78F209}.Debug|x64.ActiveCfg = Debug|x64
		{285D6208-6D47-4C40-A107-6FDD0F78F209}.Debug|x64.Build.0 = Debug|x64
		{285D6208-6D47-4C40-A107-6FDD0F78F209}.Debug|x86.ActiveCfg = Debug|Win32
		{285D6208-6D47-4C40-A107-6FDD0F78F209}.Debug|x86.Build.0 = Debug|Win32
		{285D6208-6D47-4C40-A107-6FDD0F78F209}.Release|x64.ActiveCfg = Release|x64
		{285D6208-6D47-4C40-A107-6FDD0F78F209}.Release|x64.Build.0 = Release|x64
		{285D6208-6D47-4C40-A107-6FDD0F78F209}.Release|x86.ActiveCfg = Release|Win32
		{285D6208-6D47-4C40-A107-6FDD0F78F209}.Release|x86.Build.0 = Release|Win32
		{BDA5F1A9-A90A-422D-B8E9-95D497CE81F8}.Debug|x64.ActiveCfg = Debug|x64
		{BDA5F1A9-A90A-422D-B8E9-95D497CE81F8}.Debug|x64.Build.0 = Debug|x64
		{BDA5F1A9-A90A-422D-B8E9-95D497CE81F8}.Debug|x86.ActiveCfg = Debug|Win32
		{BDA5F1A9-A90A-422D-B8E9-95D497CE81F8}.Debug|x86.Build.0 = Debug|Win32
		{BDA5F1A9-A90A-422D-B8E9-95D497CE81F8}.Release|x64.ActiveCfg = Release|x64
		{BDA5F1A9-A90A-422D-B8E9-95D497CE81F8}.Release|x64.Build.0 = Release|x64
		{BDA5F1A9-A90A-422D-B8E9-95D497CE81F8}.Release|x86.ActiveCfg = Release|Win32
		{BDA5F1A9-A90A-422D-B8E9-95D497CE81F8}.Release|x86.Build.0 = Release|Win32
	EndGlobalSection
	GlobalSection(SolutionProperties) = preSolution
		HideSolutionNode = FALSE
	EndGlobalSection
	GlobalSection(ExtensibilityGlobals) = postSolution
		SolutionGuid = {F2929616-58A1-4662-90BC-03D8EBB37ED4}
	EndGlobalSection
EndGlobal
